
Microsoft Visual Studio Solution File, Format Version 12.00
# Visual Studio Version 16
VisualStudioVersion = 16.0.31205.134
MinimumVisualStudioVersion = 10.0.40219.1
Project("{8BC9CEB8-8B4A-11D0-8D11-00A0C91BC942}") = "recursive_descent", "SR\SR.vcxproj", "{9F377E00-850E-4A92-A98D-C5087C96D24F}"
EndProject
Project("{8BC9CEB8-8B4A-11D0-8D11-00A0C91BC942}") = "Tests", "Tests\Tests.vcxproj", "{AA843564-1496-488D-B439-2EEAC0D2AB7D}"
EndProject
Global
	GlobalSection(SolutionConfigurationPlatforms) = preSolution
		Debug|x64 = Debug|x64
		Debug|x86 = Debug|x86
		Release|x64 = Release|x64
		Release|x86 = Release|x86
	EndGlobalSection
	GlobalSection(ProjectConfigurationPlatforms) = postSolution
		{9F377E00-850E-4A92-A98D-C5087C96D24F}.Debug|x64.ActiveCfg = Debug|x64
		{9F377E00-850E-4A92-A98D-C5087C96D24F}.Debug|x64.Build.0 = Debug|x64
		{9F377E00-850E-4A92-A98D-C5087C96D24F}.Debug|x86.ActiveCfg = Debug|Win32
		{9F377E00-850E-4A92-A98D-C5087C96D24F}.Debug|x86.Build.0 = Debug|Win32
		{9F377E00-850E-4A92-A98D-C5087C96D24F}.Release|x64.ActiveCfg = Release|x64
		{9F377E00-850E-4A92-A98D-C5087C96D24F}.Release|x64.Build.0 = Release|x64
		{9F377E00-850E-4A92-A98D-C5087C96D24F}.Release|x86.ActiveCfg = Release|Win32
		{9F377E00-850E-4A92-A98D-C5087C96D24F}.Release|x86.Build.0 = Release|Win32
		{AA843564-1496-488D-B439-2EEAC0D2AB7D}.Debug|x64.ActiveCfg = Debug|x64
		{AA843564-1496-488D-B439-2EEAC0D2AB7D}.Debug|x64.Build.0 = Debug|x64
		{AA843564-1496-488D-B439-2EEAC0D2AB7D}.Debug|x86.ActiveCfg = Debug|Win32
		{AA843564-1496-488D-B439-2EEAC0D2AB7D}.Debug|x86.Build.0 = Debug|Win32
		{AA843564-1496-488D-B439-2EEAC0D2AB7D}.Release|x64.ActiveCfg = Release|x64
		{AA843564-1496-488D-B439-2EEAC0D2AB7D}.Release|x64.Build.0 = Release|x64
		{AA843564-1496-488D-B439-2EEAC0D2AB7D}.Release|x86.ActiveCfg = Release|Win32
		{AA843564-1496-488D-B439-2EEAC0D2AB7D}.Release|x86.Build.0 = Release|Win32
	EndGlobalSection
	GlobalSection(SolutionProperties) = preSolution
		HideSolutionNode = FALSE
	EndGlobalSection
	GlobalSection(ExtensibilityGlobals) = postSolution
		SolutionGuid = {6CB2DD4E-619E-4563-9269-F5F228A2EF1E}
	EndGlobalSection
EndGlobal
